// !$*UTF8*$!
{
	archiveVersion = 1;
	classes = {
	};
	objectVersion = 46;
	objects = {

/* Begin PBXBuildFile section */
		2C83198B1BAE1A08000CEADC /* CreateAccountRootViewController.swift in Sources */ = {isa = PBXBuildFile; fileRef = 2C83198A1BAE1A08000CEADC /* CreateAccountRootViewController.swift */; settings = {ASSET_TAGS = (); }; };
		2C83198F1BAE2212000CEADC /* TermsOfServiceViewController.swift in Sources */ = {isa = PBXBuildFile; fileRef = 2C83198E1BAE2212000CEADC /* TermsOfServiceViewController.swift */; settings = {ASSET_TAGS = (); }; };
		2C8319911BAE234D000CEADC /* SignInRootViewController.swift in Sources */ = {isa = PBXBuildFile; fileRef = 2C8319901BAE234D000CEADC /* SignInRootViewController.swift */; settings = {ASSET_TAGS = (); }; };
		2C8319931BAE23B7000CEADC /* SignIn1ViewController.swift in Sources */ = {isa = PBXBuildFile; fileRef = 2C8319921BAE23B7000CEADC /* SignIn1ViewController.swift */; settings = {ASSET_TAGS = (); }; };
		2C8319951BAE632E000CEADC /* FilesViewController.swift in Sources */ = {isa = PBXBuildFile; fileRef = 2C8319941BAE632E000CEADC /* FilesViewController.swift */; settings = {ASSET_TAGS = (); }; };
		2C8319971BAE6651000CEADC /* SettingsViewController.swift in Sources */ = {isa = PBXBuildFile; fileRef = 2C8319961BAE6651000CEADC /* SettingsViewController.swift */; settings = {ASSET_TAGS = (); }; };
		2C8319991BAE6B79000CEADC /* SignInTroubleViewController.swift in Sources */ = {isa = PBXBuildFile; fileRef = 2C8319981BAE6B79000CEADC /* SignInTroubleViewController.swift */; settings = {ASSET_TAGS = (); }; };
		2C83199B1BAF1B0B000CEADC /* WelcomeViewController.swift in Sources */ = {isa = PBXBuildFile; fileRef = 2C83199A1BAF1B0B000CEADC /* WelcomeViewController.swift */; settings = {ASSET_TAGS = (); }; };
		2C83199D1BAFB6AF000CEADC /* CreateAccount1ViewController.swift in Sources */ = {isa = PBXBuildFile; fileRef = 2C83199C1BAFB6AF000CEADC /* CreateAccount1ViewController.swift */; settings = {ASSET_TAGS = (); }; };
		2CC1143C1BADE02F0098708C /* AppDelegate.swift in Sources */ = {isa = PBXBuildFile; fileRef = 2CC1143B1BADE02F0098708C /* AppDelegate.swift */; };
		2CC1143E1BADE02F0098708C /* ViewController.swift in Sources */ = {isa = PBXBuildFile; fileRef = 2CC1143D1BADE02F0098708C /* ViewController.swift */; };
		2CC114411BADE02F0098708C /* Main.storyboard in Resources */ = {isa = PBXBuildFile; fileRef = 2CC1143F1BADE02F0098708C /* Main.storyboard */; };
		2CC114431BADE02F0098708C /* Assets.xcassets in Resources */ = {isa = PBXBuildFile; fileRef = 2CC114421BADE02F0098708C /* Assets.xcassets */; };
/* End PBXBuildFile section */

/* Begin PBXFileReference section */
		2C83198A1BAE1A08000CEADC /* CreateAccountRootViewController.swift */ = {isa = PBXFileReference; fileEncoding = 4; lastKnownFileType = sourcecode.swift; path = CreateAccountRootViewController.swift; sourceTree = "<group>"; };
		2C83198E1BAE2212000CEADC /* TermsOfServiceViewController.swift */ = {isa = PBXFileReference; fileEncoding = 4; lastKnownFileType = sourcecode.swift; path = TermsOfServiceViewController.swift; sourceTree = "<group>"; };
		2C8319901BAE234D000CEADC /* SignInRootViewController.swift */ = {isa = PBXFileReference; fileEncoding = 4; lastKnownFileType = sourcecode.swift; path = SignInRootViewController.swift; sourceTree = "<group>"; };
		2C8319921BAE23B7000CEADC /* SignIn1ViewController.swift */ = {isa = PBXFileReference; fileEncoding = 4; lastKnownFileType = sourcecode.swift; path = SignIn1ViewController.swift; sourceTree = "<group>"; };
		2C8319941BAE632E000CEADC /* FilesViewController.swift */ = {isa = PBXFileReference; fileEncoding = 4; lastKnownFileType = sourcecode.swift; path = FilesViewController.swift; sourceTree = "<group>"; };
		2C8319961BAE6651000CEADC /* SettingsViewController.swift */ = {isa = PBXFileReference; fileEncoding = 4; lastKnownFileType = sourcecode.swift; path = SettingsViewController.swift; sourceTree = "<group>"; };
		2C8319981BAE6B79000CEADC /* SignInTroubleViewController.swift */ = {isa = PBXFileReference; fileEncoding = 4; lastKnownFileType = sourcecode.swift; path = SignInTroubleViewController.swift; sourceTree = "<group>"; };
		2C83199A1BAF1B0B000CEADC /* WelcomeViewController.swift */ = {isa = PBXFileReference; fileEncoding = 4; lastKnownFileType = sourcecode.swift; path = WelcomeViewController.swift; sourceTree = "<group>"; };
		2C83199C1BAFB6AF000CEADC /* CreateAccount1ViewController.swift */ = {isa = PBXFileReference; fileEncoding = 4; lastKnownFileType = sourcecode.swift; path = CreateAccount1ViewController.swift; sourceTree = "<group>"; };
		2CC114381BADE02F0098708C /* Dropbox.app */ = {isa = PBXFileReference; explicitFileType = wrapper.application; includeInIndex = 0; path = Dropbox.app; sourceTree = BUILT_PRODUCTS_DIR; };
		2CC1143B1BADE02F0098708C /* AppDelegate.swift */ = {isa = PBXFileReference; lastKnownFileType = sourcecode.swift; path = AppDelegate.swift; sourceTree = "<group>"; };
		2CC1143D1BADE02F0098708C /* ViewController.swift */ = {isa = PBXFileReference; lastKnownFileType = sourcecode.swift; path = ViewController.swift; sourceTree = "<group>"; };
		2CC114401BADE02F0098708C /* Base */ = {isa = PBXFileReference; lastKnownFileType = file.storyboard; name = Base; path = Base.lproj/Main.storyboard; sourceTree = "<group>"; };
		2CC114421BADE02F0098708C /* Assets.xcassets */ = {isa = PBXFileReference; lastKnownFileType = folder.assetcatalog; path = Assets.xcassets; sourceTree = "<group>"; };
		2CC114471BADE02F0098708C /* Info.plist */ = {isa = PBXFileReference; lastKnownFileType = text.plist.xml; path = Info.plist; sourceTree = "<group>"; };
/* End PBXFileReference section */

/* Begin PBXFrameworksBuildPhase section */
		2CC114351BADE02F0098708C /* Frameworks */ = {
			isa = PBXFrameworksBuildPhase;
			buildActionMask = 2147483647;
			files = (
			);
			runOnlyForDeploymentPostprocessing = 0;
		};
/* End PBXFrameworksBuildPhase section */

/* Begin PBXGroup section */
		2CC1142F1BADE02F0098708C = {
			isa = PBXGroup;
			children = (
				2CC1143A1BADE02F0098708C /* Dropbox */,
				2CC114391BADE02F0098708C /* Products */,
			);
			sourceTree = "<group>";
		};
		2CC114391BADE02F0098708C /* Products */ = {
			isa = PBXGroup;
			children = (
				2CC114381BADE02F0098708C /* Dropbox.app */,
			);
			name = Products;
			sourceTree = "<group>";
		};
		2CC1143A1BADE02F0098708C /* Dropbox */ = {
			isa = PBXGroup;
			children = (
				2CC1143B1BADE02F0098708C /* AppDelegate.swift */,
				2CC1143D1BADE02F0098708C /* ViewController.swift */,
				2CC1143F1BADE02F0098708C /* Main.storyboard */,
				2C83199A1BAF1B0B000CEADC /* WelcomeViewController.swift */,
				2C8319981BAE6B79000CEADC /* SignInTroubleViewController.swift */,
				2C8319961BAE6651000CEADC /* SettingsViewController.swift */,
				2C8319941BAE632E000CEADC /* FilesViewController.swift */,
				2C8319921BAE23B7000CEADC /* SignIn1ViewController.swift */,
				2C8319901BAE234D000CEADC /* SignInRootViewController.swift */,
				2C83198E1BAE2212000CEADC /* TermsOfServiceViewController.swift */,
				2C83198A1BAE1A08000CEADC /* CreateAccountRootViewController.swift */,
				2C83199C1BAFB6AF000CEADC /* CreateAccount1ViewController.swift */,
				2CC114421BADE02F0098708C /* Assets.xcassets */,
				2CC114471BADE02F0098708C /* Info.plist */,
			);
			path = Dropbox;
			sourceTree = "<group>";
		};
/* End PBXGroup section */

/* Begin PBXNativeTarget section */
		2CC114371BADE02F0098708C /* Dropbox */ = {
			isa = PBXNativeTarget;
			buildConfigurationList = 2CC1144A1BADE02F0098708C /* Build configuration list for PBXNativeTarget "Dropbox" */;
			buildPhases = (
				2CC114341BADE02F0098708C /* Sources */,
				2CC114351BADE02F0098708C /* Frameworks */,
				2CC114361BADE02F0098708C /* Resources */,
			);
			buildRules = (
			);
			dependencies = (
			);
			name = Dropbox;
			productName = Dropbox;
			productReference = 2CC114381BADE02F0098708C /* Dropbox.app */;
			productType = "com.apple.product-type.application";
		};
/* End PBXNativeTarget section */

/* Begin PBXProject section */
		2CC114301BADE02F0098708C /* Project object */ = {
			isa = PBXProject;
			attributes = {
				LastUpgradeCheck = 0700;
				ORGANIZATIONNAME = "James Taylor";
				TargetAttributes = {
					2CC114371BADE02F0098708C = {
						CreatedOnToolsVersion = 7.0;
						DevelopmentTeam = 269F234L22;
					};
				};
			};
			buildConfigurationList = 2CC114331BADE02F0098708C /* Build configuration list for PBXProject "Dropbox" */;
			compatibilityVersion = "Xcode 3.2";
			developmentRegion = English;
			hasScannedForEncodings = 0;
			knownRegions = (
				en,
				Base,
			);
			mainGroup = 2CC1142F1BADE02F0098708C;
			productRefGroup = 2CC114391BADE02F0098708C /* Products */;
			projectDirPath = "";
			projectRoot = "";
			targets = (
				2CC114371BADE02F0098708C /* Dropbox */,
			);
		};
/* End PBXProject section */

/* Begin PBXResourcesBuildPhase section */
		2CC114361BADE02F0098708C /* Resources */ = {
			isa = PBXResourcesBuildPhase;
			buildActionMask = 2147483647;
			files = (
				2CC114431BADE02F0098708C /* Assets.xcassets in Resources */,
				2CC114411BADE02F0098708C /* Main.storyboard in Resources */,
			);
			runOnlyForDeploymentPostprocessing = 0;
		};
/* End PBXResourcesBuildPhase section */

/* Begin PBXSourcesBuildPhase section */
		2CC114341BADE02F0098708C /* Sources */ = {
			isa = PBXSourcesBuildPhase;
			buildActionMask = 2147483647;
			files = (
				2C8319931BAE23B7000CEADC /* SignIn1ViewController.swift in Sources */,
				2C83198B1BAE1A08000CEADC /* CreateAccountRootViewController.swift in Sources */,
				2C83199B1BAF1B0B000CEADC /* WelcomeViewController.swift in Sources */,
				2CC1143E1BADE02F0098708C /* ViewController.swift in Sources */,
				2C8319911BAE234D000CEADC /* SignInRootViewController.swift in Sources */,
				2CC1143C1BADE02F0098708C /* AppDelegate.swift in Sources */,
				2C8319991BAE6B79000CEADC /* SignInTroubleViewController.swift in Sources */,
				2C8319951BAE632E000CEADC /* FilesViewController.swift in Sources */,
				2C83198F1BAE2212000CEADC /* TermsOfServiceViewController.swift in Sources */,
				2C83199D1BAFB6AF000CEADC /* CreateAccount1ViewController.swift in Sources */,
				2C8319971BAE6651000CEADC /* SettingsViewController.swift in Sources */,
			);
			runOnlyForDeploymentPostprocessing = 0;
		};
/* End PBXSourcesBuildPhase section */

/* Begin PBXVariantGroup section */
		2CC1143F1BADE02F0098708C /* Main.storyboard */ = {
			isa = PBXVariantGroup;
			children = (
				2CC114401BADE02F0098708C /* Base */,
			);
			name = Main.storyboard;
			sourceTree = "<group>";
		};
/* End PBXVariantGroup section */

/* Begin XCBuildConfiguration section */
		2CC114481BADE02F0098708C /* Debug */ = {
			isa = XCBuildConfiguration;
			buildSettings = {
				ALWAYS_SEARCH_USER_PATHS = NO;
				CLANG_CXX_LANGUAGE_STANDARD = "gnu++0x";
				CLANG_CXX_LIBRARY = "libc++";
				CLANG_ENABLE_MODULES = YES;
				CLANG_ENABLE_OBJC_ARC = YES;
				CLANG_WARN_BOOL_CONVERSION = YES;
				CLANG_WARN_CONSTANT_CONVERSION = YES;
				CLANG_WARN_DIRECT_OBJC_ISA_USAGE = YES_ERROR;
				CLANG_WARN_EMPTY_BODY = YES;
				CLANG_WARN_ENUM_CONVERSION = YES;
				CLANG_WARN_INT_CONVERSION = YES;
				CLANG_WARN_OBJC_ROOT_CLASS = YES_ERROR;
				CLANG_WARN_UNREACHABLE_CODE = YES;
				CLANG_WARN__DUPLICATE_METHOD_MATCH = YES;
				"CODE_SIGN_IDENTITY[sdk=iphoneos*]" = "iPhone Developer";
				COPY_PHASE_STRIP = NO;
				DEBUG_INFORMATION_FORMAT = dwarf;
				ENABLE_STRICT_OBJC_MSGSEND = YES;
				ENABLE_TESTABILITY = YES;
				GCC_C_LANGUAGE_STANDARD = gnu99;
				GCC_DYNAMIC_NO_PIC = NO;
				GCC_NO_COMMON_BLOCKS = YES;
				GCC_OPTIMIZATION_LEVEL = 0;
				GCC_PREPROCESSOR_DEFINITIONS = (
					"DEBUG=1",
					"$(inherited)",
				);
				GCC_WARN_64_TO_32_BIT_CONVERSION = YES;
				GCC_WARN_ABOUT_RETURN_TYPE = YES_ERROR;
				GCC_WARN_UNDECLARED_SELECTOR = YES;
				GCC_WARN_UNINITIALIZED_AUTOS = YES_AGGRESSIVE;
				GCC_WARN_UNUSED_FUNCTION = YES;
				GCC_WARN_UNUSED_VARIABLE = YES;
				IPHONEOS_DEPLOYMENT_TARGET = 9.0;
				MTL_ENABLE_DEBUG_INFO = YES;
				ONLY_ACTIVE_ARCH = YES;
				SDKROOT = iphoneos;
				SWIFT_OPTIMIZATION_LEVEL = "-Onone";
			};
			name = Debug;
		};
		2CC114491BADE02F0098708C /* Release */ = {
			isa = XCBuildConfiguration;
			buildSettings = {
				ALWAYS_SEARCH_USER_PATHS = NO;
				CLANG_CXX_LANGUAGE_STANDARD = "gnu++0x";
				CLANG_CXX_LIBRARY = "libc++";
				CLANG_ENABLE_MODULES = YES;
				CLANG_ENABLE_OBJC_ARC = YES;
				CLANG_WARN_BOOL_CONVERSION = YES;
				CLANG_WARN_CONSTANT_CONVERSION = YES;
				CLANG_WARN_DIRECT_OBJC_ISA_USAGE = YES_ERROR;
				CLANG_WARN_EMPTY_BODY = YES;
				CLANG_WARN_ENUM_CONVERSION = YES;
				CLANG_WARN_INT_CONVERSION = YES;
				CLANG_WARN_OBJC_ROOT_CLASS = YES_ERROR;
				CLANG_WARN_UNREACHABLE_CODE = YES;
				CLANG_WARN__DUPLICATE_METHOD_MATCH = YES;
				"CODE_SIGN_IDENTITY[sdk=iphoneos*]" = "iPhone Developer";
				COPY_PHASE_STRIP = NO;
				DEBUG_INFORMATION_FORMAT = "dwarf-with-dsym";
				ENABLE_NS_ASSERTIONS = NO;
				ENABLE_STRICT_OBJC_MSGSEND = YES;
				GCC_C_LANGUAGE_STANDARD = gnu99;
				GCC_NO_COMMON_BLOCKS = YES;
				GCC_WARN_64_TO_32_BIT_CONVERSION = YES;
				GCC_WARN_ABOUT_RETURN_TYPE = YES_ERROR;
				GCC_WARN_UNDECLARED_SELECTOR = YES;
				GCC_WARN_UNINITIALIZED_AUTOS = YES_AGGRESSIVE;
				GCC_WARN_UNUSED_FUNCTION = YES;
				GCC_WARN_UNUSED_VARIABLE = YES;
				IPHONEOS_DEPLOYMENT_TARGET = 9.0;
				MTL_ENABLE_DEBUG_INFO = NO;
				SDKROOT = iphoneos;
				VALIDATE_PRODUCT = YES;
			};
			name = Release;
		};
		2CC1144B1BADE02F0098708C /* Debug */ = {
			isa = XCBuildConfiguration;
			buildSettings = {
				ASSETCATALOG_COMPILER_APPICON_NAME = AppIcon;
				CODE_SIGN_IDENTITY = "iPhone Developer";
				"CODE_SIGN_IDENTITY[sdk=iphoneos*]" = "iPhone Developer";
				INFOPLIST_FILE = Dropbox/Info.plist;
				LD_RUNPATH_SEARCH_PATHS = "$(inherited) @executable_path/Frameworks";
				PRODUCT_BUNDLE_IDENTIFIER = jt.Dropbox;
				PRODUCT_NAME = "$(TARGET_NAME)";
				PROVISIONING_PROFILE = "";
			};
			name = Debug;
		};
		2CC1144C1BADE02F0098708C /* Release */ = {
			isa = XCBuildConfiguration;
			buildSettings = {
				ASSETCATALOG_COMPILER_APPICON_NAME = AppIcon;
				CODE_SIGN_IDENTITY = "iPhone Developer";
				"CODE_SIGN_IDENTITY[sdk=iphoneos*]" = "iPhone Developer";
				INFOPLIST_FILE = Dropbox/Info.plist;
				LD_RUNPATH_SEARCH_PATHS = "$(inherited) @executable_path/Frameworks";
				PRODUCT_BUNDLE_IDENTIFIER = jt.Dropbox;
				PRODUCT_NAME = "$(TARGET_NAME)";
				PROVISIONING_PROFILE = "";
			};
			name = Release;
		};
/* End XCBuildConfiguration section */

/* Begin XCConfigurationList section */
		2CC114331BADE02F0098708C /* Build configuration list for PBXProject "Dropbox" */ = {
			isa = XCConfigurationList;
			buildConfigurations = (
				2CC114481BADE02F0098708C /* Debug */,
				2CC114491BADE02F0098708C /* Release */,
			);
			defaultConfigurationIsVisible = 0;
			defaultConfigurationName = Release;
		};
		2CC1144A1BADE02F0098708C /* Build configuration list for PBXNativeTarget "Dropbox" */ = {
			isa = XCConfigurationList;
			buildConfigurations = (
				2CC1144B1BADE02F0098708C /* Debug */,
				2CC1144C1BADE02F0098708C /* Release */,
			);
			defaultConfigurationIsVisible = 0;
			defaultConfigurationName = Release;
		};
/* End XCConfigurationList section */
	};
	rootObject = 2CC114301BADE02F0098708C /* Project object */;
}
